
Microsoft Visual Studio Solution File, Format Version 12.00
# Visual Studio 15
VisualStudioVersion = 15.0.27703.2035
MinimumVisualStudioVersion = 10.0.40219.1
Project("{FAE04EC0-301F-11D3-BF4B-00C04F79EFBC}") = "XamarinApp.Android", "XamarinApp\XamarinApp.Android\XamarinApp.Android.csproj", "{86C78082-B0FC-44A5-B577-A61DACACFE32}"
EndProject
Project("{FAE04EC0-301F-11D3-BF4B-00C04F79EFBC}") = "XamarinApp.iOS", "XamarinApp\XamarinApp.iOS\XamarinApp.iOS.csproj", "{D81827DB-4F58-485D-BB09-5316BC4960F7}"
EndProject
Project("{FAE04EC0-301F-11D3-BF4B-00C04F79EFBC}") = "XamarinApp.UWP", "XamarinApp\XamarinApp.UWP\XamarinApp.UWP.csproj", "{C992E42B-7D36-488A-8B29-45207289FE56}"
EndProject
Project("{FAE04EC0-301F-11D3-BF4B-00C04F79EFBC}") = "XamarinApp", "XamarinApp\XamarinApp\XamarinApp.csproj", "{5E155FF8-DB0F-4F22-9033-D0441271AA4F}"
EndProject
Global
	GlobalSection(SolutionConfigurationPlatforms) = preSolution
		Ad-Hoc|Any CPU = Ad-Hoc|Any CPU
		Ad-Hoc|ARM = Ad-Hoc|ARM
		Ad-Hoc|iPhone = Ad-Hoc|iPhone
		Ad-Hoc|iPhoneSimulator = Ad-Hoc|iPhoneSimulator
		Ad-Hoc|x64 = Ad-Hoc|x64
		Ad-Hoc|x86 = Ad-Hoc|x86
		AppStore|Any CPU = AppStore|Any CPU
		AppStore|ARM = AppStore|ARM
		AppStore|iPhone = AppStore|iPhone
		AppStore|iPhoneSimulator = AppStore|iPhoneSimulator
		AppStore|x64 = AppStore|x64
		AppStore|x86 = AppStore|x86
		Debug|Any CPU = Debug|Any CPU
		Debug|ARM = Debug|ARM
		Debug|iPhone = Debug|iPhone
		Debug|iPhoneSimulator = Debug|iPhoneSimulator
		Debug|x64 = Debug|x64
		Debug|x86 = Debug|x86
		Release|Any CPU = Release|Any CPU
		Release|ARM = Release|ARM
		Release|iPhone = Release|iPhone
		Release|iPhoneSimulator = Release|iPhoneSimulator
		Release|x64 = Release|x64
		Release|x86 = Release|x86
	EndGlobalSection
	GlobalSection(ProjectConfigurationPlatforms) = postSolution
		{86C78082-B0FC-44A5-B577-A61DACACFE32}.Ad-Hoc|Any CPU.ActiveCfg = Release|Any CPU
		{86C78082-B0FC-44A5-B577-A61DACACFE32}.Ad-Hoc|Any CPU.Build.0 = Release|Any CPU
		{86C78082-B0FC-44A5-B577-A61DACACFE32}.Ad-Hoc|Any CPU.Deploy.0 = Release|Any CPU
		{86C78082-B0FC-44A5-B577-A61DACACFE32}.Ad-Hoc|ARM.ActiveCfg = Release|Any CPU
		{86C78082-B0FC-44A5-B577-A61DACACFE32}.Ad-Hoc|ARM.Build.0 = Release|Any CPU
		{86C78082-B0FC-44A5-B577-A61DACACFE32}.Ad-Hoc|ARM.Deploy.0 = Release|Any CPU
		{86C78082-B0FC-44A5-B577-A61DACACFE32}.Ad-Hoc|iPhone.ActiveCfg = Release|Any CPU
		{86C78082-B0FC-44A5-B577-A61DACACFE32}.Ad-Hoc|iPhone.Build.0 = Release|Any CPU
		{86C78082-B0FC-44A5-B577-A61DACACFE32}.Ad-Hoc|iPhone.Deploy.0 = Release|Any CPU
		{86C78082-B0FC-44A5-B577-A61DACACFE32}.Ad-Hoc|iPhoneSimulator.ActiveCfg = Release|Any CPU
		{86C78082-B0FC-44A5-B577-A61DACACFE32}.Ad-Hoc|iPhoneSimulator.Build.0 = Release|Any CPU
		{86C78082-B0FC-44A5-B577-A61DACACFE32}.Ad-Hoc|iPhoneSimulator.Deploy.0 = Release|Any CPU
		{86C78082-B0FC-44A5-B577-A61DACACFE32}.Ad-Hoc|x64.ActiveCfg = Release|Any CPU
		{86C78082-B0FC-44A5-B577-A61DACACFE32}.Ad-Hoc|x64.Build.0 = Release|Any CPU
		{86C78082-B0FC-44A5-B577-A61DACACFE32}.Ad-Hoc|x64.Deploy.0 = Release|Any CPU
		{86C78082-B0FC-44A5-B577-A61DACACFE32}.Ad-Hoc|x86.ActiveCfg = Release|Any CPU
		{86C78082-B0FC-44A5-B577-A61DACACFE32}.Ad-Hoc|x86.Build.0 = Release|Any CPU
		{86C78082-B0FC-44A5-B577-A61DACACFE32}.Ad-Hoc|x86.Deploy.0 = Release|Any CPU
		{86C78082-B0FC-44A5-B577-A61DACACFE32}.AppStore|Any CPU.ActiveCfg = Release|Any CPU
		{86C78082-B0FC-44A5-B577-A61DACACFE32}.AppStore|Any CPU.Build.0 = Release|Any CPU
		{86C78082-B0FC-44A5-B577-A61DACACFE32}.AppStore|Any CPU.Deploy.0 = Release|Any CPU
		{86C78082-B0FC-44A5-B577-A61DACACFE32}.AppStore|ARM.ActiveCfg = Release|Any CPU
		{86C78082-B0FC-44A5-B577-A61DACACFE32}.AppStore|ARM.Build.0 = Release|Any CPU
		{86C78082-B0FC-44A5-B577-A61DACACFE32}.AppStore|ARM.Deploy.0 = Release|Any CPU
		{86C78082-B0FC-44A5-B577-A61DACACFE32}.AppStore|iPhone.ActiveCfg = Release|Any CPU
		{86C78082-B0FC-44A5-B577-A61DACACFE32}.AppStore|iPhone.Build.0 = Release|Any CPU
		{86C78082-B0FC-44A5-B577-A61DACACFE32}.AppStore|iPhone.Deploy.0 = Release|Any CPU
		{86C78082-B0FC-44A5-B577-A61DACACFE32}.AppStore|iPhoneSimulator.ActiveCfg = Release|Any CPU
		{86C78082-B0FC-44A5-B577-A61DACACFE32}.AppStore|iPhoneSimulator.Build.0 = Release|Any CPU
		{86C78082-B0FC-44A5-B577-A61DACACFE32}.AppStore|iPhoneSimulator.Deploy.0 = Release|Any CPU
		{86C78082-B0FC-44A5-B577-A61DACACFE32}.AppStore|x64.ActiveCfg = Release|Any CPU
		{86C78082-B0FC-44A5-B577-A61DACACFE32}.AppStore|x64.Build.0 = Release|Any CPU
		{86C78082-B0FC-44A5-B577-A61DACACFE32}.AppStore|x64.Deploy.0 = Release|Any CPU
		{86C78082-B0FC-44A5-B577-A61DACACFE32}.AppStore|x86.ActiveCfg = Release|Any CPU
		{86C78082-B0FC-44A5-B577-A61DACACFE32}.AppStore|x86.Build.0 = Release|Any CPU
		{86C78082-B0FC-44A5-B577-A61DACACFE32}.AppStore|x86.Deploy.0 = Release|Any CPU
		{86C78082-B0FC-44A5-B577-A61DACACFE32}.Debug|Any CPU.ActiveCfg = Debug|Any CPU
		{86C78082-B0FC-44A5-B577-A61DACACFE32}.Debug|Any CPU.Build.0 = Debug|Any CPU
		{86C78082-B0FC-44A5-B577-A61DACACFE32}.Debug|Any CPU.Deploy.0 = Debug|Any CPU
		{86C78082-B0FC-44A5-B577-A61DACACFE32}.Debug|ARM.ActiveCfg = Debug|Any CPU
		{86C78082-B0FC-44A5-B577-A61DACACFE32}.Debug|ARM.Build.0 = Debug|Any CPU
		{86C78082-B0FC-44A5-B577-A61DACACFE32}.Debug|ARM.Deploy.0 = Debug|Any CPU
		{86C78082-B0FC-44A5-B577-A61DACACFE32}.Debug|iPhone.ActiveCfg = Debug|Any CPU
		{86C78082-B0FC-44A5-B577-A61DACACFE32}.Debug|iPhone.Build.0 = Debug|Any CPU
		{86C78082-B0FC-44A5-B577-A61DACACFE32}.Debug|iPhone.Deploy.0 = Debug|Any CPU
		{86C78082-B0FC-44A5-B577-A61DACACFE32}.Debug|iPhoneSimulator.ActiveCfg = Debug|Any CPU
		{86C78082-B0FC-44A5-B577-A61DACACFE32}.Debug|iPhoneSimulator.Build.0 = Debug|Any CPU
		{86C78082-B0FC-44A5-B577-A61DACACFE32}.Debug|iPhoneSimulator.Deploy.0 = Debug|Any CPU
		{86C78082-B0FC-44A5-B577-A61DACACFE32}.Debug|x64.ActiveCfg = Debug|Any CPU
		{86C78082-B0FC-44A5-B577-A61DACACFE32}.Debug|x64.Build.0 = Debug|Any CPU
		{86C78082-B0FC-44A5-B577-A61DACACFE32}.Debug|x64.Deploy.0 = Debug|Any CPU
		{86C78082-B0FC-44A5-B577-A61DACACFE32}.Debug|x86.ActiveCfg = Debug|Any CPU
		{86C78082-B0FC-44A5-B577-A61DACACFE32}.Debug|x86.Build.0 = Debug|Any CPU
		{86C78082-B0FC-44A5-B577-A61DACACFE32}.Debug|x86.Deploy.0 = Debug|Any CPU
		{86C78082-B0FC-44A5-B577-A61DACACFE32}.Release|Any CPU.ActiveCfg = Release|Any CPU
		{86C78082-B0FC-44A5-B577-A61DACACFE32}.Release|Any CPU.Build.0 = Release|Any CPU
		{86C78082-B0FC-44A5-B577-A61DACACFE32}.Release|Any CPU.Deploy.0 = Release|Any CPU
		{86C78082-B0FC-44A5-B577-A61DACACFE32}.Release|ARM.ActiveCfg = Release|Any CPU
		{86C78082-B0FC-44A5-B577-A61DACACFE32}.Release|ARM.Build.0 = Release|Any CPU
		{86C78082-B0FC-44A5-B577-A61DACACFE32}.Release|ARM.Deploy.0 = Release|Any CPU
		{86C78082-B0FC-44A5-B577-A61DACACFE32}.Release|iPhone.ActiveCfg = Release|Any CPU
		{86C78082-B0FC-44A5-B577-A61DACACFE32}.Release|iPhone.Build.0 = Release|Any CPU
		{86C78082-B0FC-44A5-B577-A61DACACFE32}.Release|iPhone.Deploy.0 = Release|Any CPU
		{86C78082-B0FC-44A5-B577-A61DACACFE32}.Release|iPhoneSimulator.ActiveCfg = Release|Any CPU
		{86C78082-B0FC-44A5-B577-A61DACACFE32}.Release|iPhoneSimulator.Build.0 = Release|Any CPU
		{86C78082-B0FC-44A5-B577-A61DACACFE32}.Release|iPhoneSimulator.Deploy.0 = Release|Any CPU
		{86C78082-B0FC-44A5-B577-A61DACACFE32}.Release|x64.ActiveCfg = Release|Any CPU
		{86C78082-B0FC-44A5-B577-A61DACACFE32}.Release|x64.Build.0 = Release|Any CPU
		{86C78082-B0FC-44A5-B577-A61DACACFE32}.Release|x64.Deploy.0 = Release|Any CPU
		{86C78082-B0FC-44A5-B577-A61DACACFE32}.Release|x86.ActiveCfg = Release|Any CPU
		{86C78082-B0FC-44A5-B577-A61DACACFE32}.Release|x86.Build.0 = Release|Any CPU
		{86C78082-B0FC-44A5-B577-A61DACACFE32}.Release|x86.Deploy.0 = Release|Any CPU
		{D81827DB-4F58-485D-BB09-5316BC4960F7}.Ad-Hoc|Any CPU.ActiveCfg = Ad-Hoc|iPhone
		{D81827DB-4F58-485D-BB09-5316BC4960F7}.Ad-Hoc|Any CPU.Build.0 = Ad-Hoc|iPhone
		{D81827DB-4F58-485D-BB09-5316BC4960F7}.Ad-Hoc|Any CPU.Deploy.0 = Ad-Hoc|iPhone
		{D81827DB-4F58-485D-BB09-5316BC4960F7}.Ad-Hoc|ARM.ActiveCfg = Ad-Hoc|iPhone
		{D81827DB-4F58-485D-BB09-5316BC4960F7}.Ad-Hoc|ARM.Build.0 = Ad-Hoc|iPhone
		{D81827DB-4F58-485D-BB09-5316BC4960F7}.Ad-Hoc|ARM.Deploy.0 = Ad-Hoc|iPhone
		{D81827DB-4F58-485D-BB09-5316BC4960F7}.Ad-Hoc|iPhone.ActiveCfg = Ad-Hoc|iPhone
		{D81827DB-4F58-485D-BB09-5316BC4960F7}.Ad-Hoc|iPhone.Build.0 = Ad-Hoc|iPhone
		{D81827DB-4F58-485D-BB09-5316BC4960F7}.Ad-Hoc|iPhone.Deploy.0 = Ad-Hoc|iPhone
		{D81827DB-4F58-485D-BB09-5316BC4960F7}.Ad-Hoc|iPhoneSimulator.ActiveCfg = Ad-Hoc|iPhoneSimulator
		{D81827DB-4F58-485D-BB09-5316BC4960F7}.Ad-Hoc|iPhoneSimulator.Build.0 = Ad-Hoc|iPhoneSimulator
		{D81827DB-4F58-485D-BB09-5316BC4960F7}.Ad-Hoc|iPhoneSimulator.Deploy.0 = Ad-Hoc|iPhoneSimulator
		{D81827DB-4F58-485D-BB09-5316BC4960F7}.Ad-Hoc|x64.ActiveCfg = Ad-Hoc|iPhone
		{D81827DB-4F58-485D-BB09-5316BC4960F7}.Ad-Hoc|x64.Build.0 = Ad-Hoc|iPhone
		{D81827DB-4F58-485D-BB09-5316BC4960F7}.Ad-Hoc|x64.Deploy.0 = Ad-Hoc|iPhone
		{D81827DB-4F58-485D-BB09-5316BC4960F7}.Ad-Hoc|x86.ActiveCfg = Ad-Hoc|iPhone
		{D81827DB-4F58-485D-BB09-5316BC4960F7}.Ad-Hoc|x86.Build.0 = Ad-Hoc|iPhone
		{D81827DB-4F58-485D-BB09-5316BC4960F7}.Ad-Hoc|x86.Deploy.0 = Ad-Hoc|iPhone
		{D81827DB-4F58-485D-BB09-5316BC4960F7}.AppStore|Any CPU.ActiveCfg = AppStore|iPhone
		{D81827DB-4F58-485D-BB09-5316BC4960F7}.AppStore|Any CPU.Build.0 = AppStore|iPhone
		{D81827DB-4F58-485D-BB09-5316BC4960F7}.AppStore|Any CPU.Deploy.0 = AppStore|iPhone
		{D81827DB-4F58-485D-BB09-5316BC4960F7}.AppStore|ARM.ActiveCfg = AppStore|iPhone
		{D81827DB-4F58-485D-BB09-5316BC4960F7}.AppStore|ARM.Build.0 = AppStore|iPhone
		{D81827DB-4F58-485D-BB09-5316BC4960F7}.AppStore|ARM.Deploy.0 = AppStore|iPhone
		{D81827DB-4F58-485D-BB09-5316BC4960F7}.AppStore|iPhone.ActiveCfg = AppStore|iPhone
		{D81827DB-4F58-485D-BB09-5316BC4960F7}.AppStore|iPhone.Build.0 = AppStore|iPhone
		{D81827DB-4F58-485D-BB09-5316BC4960F7}.AppStore|iPhone.Deploy.0 = AppStore|iPhone
		{D81827DB-4F58-485D-BB09-5316BC4960F7}.AppStore|iPhoneSimulator.ActiveCfg = AppStore|iPhoneSimulator
		{D81827DB-4F58-485D-BB09-5316BC4960F7}.AppStore|iPhoneSimulator.Build.0 = AppStore|iPhoneSimulator
		{D81827DB-4F58-485D-BB09-5316BC4960F7}.AppStore|iPhoneSimulator.Deploy.0 = AppStore|iPhoneSimulator
		{D81827DB-4F58-485D-BB09-5316BC4960F7}.AppStore|x64.ActiveCfg = AppStore|iPhone
		{D81827DB-4F58-485D-BB09-5316BC4960F7}.AppStore|x64.Build.0 = AppStore|iPhone
		{D81827DB-4F58-485D-BB09-5316BC4960F7}.AppStore|x64.Deploy.0 = AppStore|iPhone
		{D81827DB-4F58-485D-BB09-5316BC4960F7}.AppStore|x86.ActiveCfg = AppStore|iPhone
		{D81827DB-4F58-485D-BB09-5316BC4960F7}.AppStore|x86.Build.0 = AppStore|iPhone
		{D81827DB-4F58-485D-BB09-5316BC4960F7}.AppStore|x86.Deploy.0 = AppStore|iPhone
		{D81827DB-4F58-485D-BB09-5316BC4960F7}.Debug|Any CPU.ActiveCfg = Debug|iPhoneSimulator
		{D81827DB-4F58-485D-BB09-5316BC4960F7}.Debug|Any CPU.Build.0 = Debug|iPhoneSimulator
		{D81827DB-4F58-485D-BB09-5316BC4960F7}.Debug|Any CPU.Deploy.0 = Debug|iPhoneSimulator
		{D81827DB-4F58-485D-BB09-5316BC4960F7}.Debug|ARM.ActiveCfg = Debug|iPhone
		{D81827DB-4F58-485D-BB09-5316BC4960F7}.Debug|ARM.Build.0 = Debug|iPhone
		{D81827DB-4F58-485D-BB09-5316BC4960F7}.Debug|ARM.Deploy.0 = Debug|iPhone
		{D81827DB-4F58-485D-BB09-5316BC4960F7}.Debug|iPhone.ActiveCfg = Debug|iPhone
		{D81827DB-4F58-485D-BB09-5316BC4960F7}.Debug|iPhone.Build.0 = Debug|iPhone
		{D81827DB-4F58-485D-BB09-5316BC4960F7}.Debug|iPhone.Deploy.0 = Debug|iPhone
		{D81827DB-4F58-485D-BB09-5316BC4960F7}.Debug|iPhoneSimulator.ActiveCfg = Debug|iPhoneSimulator
		{D81827DB-4F58-485D-BB09-5316BC4960F7}.Debug|iPhoneSimulator.Build.0 = Debug|iPhoneSimulator
		{D81827DB-4F58-485D-BB09-5316BC4960F7}.Debug|iPhoneSimulator.Deploy.0 = Debug|iPhoneSimulator
		{D81827DB-4F58-485D-BB09-5316BC4960F7}.Debug|x64.ActiveCfg = Debug|iPhone
		{D81827DB-4F58-485D-BB09-5316BC4960F7}.Debug|x64.Build.0 = Debug|iPhone
		{D81827DB-4F58-485D-BB09-5316BC4960F7}.Debug|x64.Deploy.0 = Debug|iPhone
		{D81827DB-4F58-485D-BB09-5316BC4960F7}.Debug|x86.ActiveCfg = Debug|iPhone
		{D81827DB-4F58-485D-BB09-5316BC4960F7}.Debug|x86.Build.0 = Debug|iPhone
		{D81827DB-4F58-485D-BB09-5316BC4960F7}.Debug|x86.Deploy.0 = Debug|iPhone
		{D81827DB-4F58-485D-BB09-5316BC4960F7}.Release|Any CPU.ActiveCfg = Release|iPhone
		{D81827DB-4F58-485D-BB09-5316BC4960F7}.Release|Any CPU.Build.0 = Release|iPhone
		{D81827DB-4F58-485D-BB09-5316BC4960F7}.Release|Any CPU.Deploy.0 = Release|iPhone
		{D81827DB-4F58-485D-BB09-5316BC4960F7}.Release|ARM.ActiveCfg = Release|iPhone
		{D81827DB-4F58-485D-BB09-5316BC4960F7}.Release|ARM.Build.0 = Release|iPhone
		{D81827DB-4F58-485D-BB09-5316BC4960F7}.Release|ARM.Deploy.0 = Release|iPhone
		{D81827DB-4F58-485D-BB09-5316BC4960F7}.Release|iPhone.ActiveCfg = Release|iPhone
		{D81827DB-4F58-485D-BB09-5316BC4960F7}.Release|iPhone.Build.0 = Release|iPhone
		{D81827DB-4F58-485D-BB09-5316BC4960F7}.Release|iPhone.Deploy.0 = Release|iPhone
		{D81827DB-4F58-485D-BB09-5316BC4960F7}.Release|iPhoneSimulator.ActiveCfg = Release|iPhoneSimulator
		{D81827DB-4F58-485D-BB09-5316BC4960F7}.Release|iPhoneSimulator.Build.0 = Release|iPhoneSimulator
		{D81827DB-4F58-485D-BB09-5316BC4960F7}.Release|iPhoneSimulator.Deploy.0 = Release|iPhoneSimulator
		{D81827DB-4F58-485D-BB09-5316BC4960F7}.Release|x64.ActiveCfg = Release|iPhone
		{D81827DB-4F58-485D-BB09-5316BC4960F7}.Release|x64.Build.0 = Release|iPhone
		{D81827DB-4F58-485D-BB09-5316BC4960F7}.Release|x64.Deploy.0 = Release|iPhone
		{D81827DB-4F58-485D-BB09-5316BC4960F7}.Release|x86.ActiveCfg = Release|iPhone
		{D81827DB-4F58-485D-BB09-5316BC4960F7}.Release|x86.Build.0 = Release|iPhone
		{D81827DB-4F58-485D-BB09-5316BC4960F7}.Release|x86.Deploy.0 = Release|iPhone
		{C992E42B-7D36-488A-8B29-45207289FE56}.Ad-Hoc|Any CPU.ActiveCfg = Release|x86
		{C992E42B-7D36-488A-8B29-45207289FE56}.Ad-Hoc|Any CPU.Build.0 = Release|x86
		{C992E42B-7D36-488A-8B29-45207289FE56}.Ad-Hoc|Any CPU.Deploy.0 = Release|x86
		{C992E42B-7D36-488A-8B29-45207289FE56}.Ad-Hoc|ARM.ActiveCfg = Release|ARM
		{C992E42B-7D36-488A-8B29-45207289FE56}.Ad-Hoc|ARM.Build.0 = Release|ARM
		{C992E42B-7D36-488A-8B29-45207289FE56}.Ad-Hoc|ARM.Deploy.0 = Release|ARM
		{C992E42B-7D36-488A-8B29-45207289FE56}.Ad-Hoc|iPhone.ActiveCfg = Release|x86
		{C992E42B-7D36-488A-8B29-45207289FE56}.Ad-Hoc|iPhone.Build.0 = Release|x86
		{C992E42B-7D36-488A-8B29-45207289FE56}.Ad-Hoc|iPhone.Deploy.0 = Release|x86
		{C992E42B-7D36-488A-8B29-45207289FE56}.Ad-Hoc|iPhoneSimulator.ActiveCfg = Release|x86
		{C992E42B-7D36-488A-8B29-45207289FE56}.Ad-Hoc|iPhoneSimulator.Build.0 = Release|x86
		{C992E42B-7D36-488A-8B29-45207289FE56}.Ad-Hoc|iPhoneSimulator.Deploy.0 = Release|x86
		{C992E42B-7D36-488A-8B29-45207289FE56}.Ad-Hoc|x64.ActiveCfg = Release|x64
		{C992E42B-7D36-488A-8B29-45207289FE56}.Ad-Hoc|x64.Build.0 = Release|x64
		{C992E42B-7D36-488A-8B29-45207289FE56}.Ad-Hoc|x64.Deploy.0 = Release|x64
		{C992E42B-7D36-488A-8B29-45207289FE56}.Ad-Hoc|x86.ActiveCfg = Release|x86
		{C992E42B-7D36-488A-8B29-45207289FE56}.Ad-Hoc|x86.Build.0 = Release|x86
		{C992E42B-7D36-488A-8B29-45207289FE56}.Ad-Hoc|x86.Deploy.0 = Release|x86
		{C992E42B-7D36-488A-8B29-45207289FE56}.AppStore|Any CPU.ActiveCfg = Release|x86
		{C992E42B-7D36-488A-8B29-45207289FE56}.AppStore|Any CPU.Build.0 = Release|x86
		{C992E42B-7D36-488A-8B29-45207289FE56}.AppStore|Any CPU.Deploy.0 = Release|x86
		{C992E42B-7D36-488A-8B29-45207289FE56}.AppStore|ARM.ActiveCfg = Release|ARM
		{C992E42B-7D36-488A-8B29-45207289FE56}.AppStore|ARM.Build.0 = Release|ARM
		{C992E42B-7D36-488A-8B29-45207289FE56}.AppStore|ARM.Deploy.0 = Release|ARM
		{C992E42B-7D36-488A-8B29-45207289FE56}.AppStore|iPhone.ActiveCfg = Release|x86
		{C992E42B-7D36-488A-8B29-45207289FE56}.AppStore|iPhone.Build.0 = Release|x86
		{C992E42B-7D36-488A-8B29-45207289FE56}.AppStore|iPhone.Deploy.0 = Release|x86
		{C992E42B-7D36-488A-8B29-45207289FE56}.AppStore|iPhoneSimulator.ActiveCfg = Release|x86
		{C992E42B-7D36-488A-8B29-45207289FE56}.AppStore|iPhoneSimulator.Build.0 = Release|x86
		{C992E42B-7D36-488A-8B29-45207289FE56}.AppStore|iPhoneSimulator.Deploy.0 = Release|x86
		{C992E42B-7D36-488A-8B29-45207289FE56}.AppStore|x64.ActiveCfg = Release|x64
		{C992E42B-7D36-488A-8B29-45207289FE56}.AppStore|x64.Build.0 = Release|x64
		{C992E42B-7D36-488A-8B29-45207289FE56}.AppStore|x64.Deploy.0 = Release|x64
		{C992E42B-7D36-488A-8B29-45207289FE56}.AppStore|x86.ActiveCfg = Release|x86
		{C992E42B-7D36-488A-8B29-45207289FE56}.AppStore|x86.Build.0 = Release|x86
		{C992E42B-7D36-488A-8B29-45207289FE56}.AppStore|x86.Deploy.0 = Release|x86
		{C992E42B-7D36-488A-8B29-45207289FE56}.Debug|Any CPU.ActiveCfg = Debug|x86
		{C992E42B-7D36-488A-8B29-45207289FE56}.Debug|Any CPU.Build.0 = Debug|x86
		{C992E42B-7D36-488A-8B29-45207289FE56}.Debug|Any CPU.Deploy.0 = Debug|x86
		{C992E42B-7D36-488A-8B29-45207289FE56}.Debug|ARM.ActiveCfg = Debug|ARM
		{C992E42B-7D36-488A-8B29-45207289FE56}.Debug|ARM.Build.0 = Debug|ARM
		{C992E42B-7D36-488A-8B29-45207289FE56}.Debug|ARM.Deploy.0 = Debug|ARM
		{C992E42B-7D36-488A-8B29-45207289FE56}.Debug|iPhone.ActiveCfg = Debug|x86
		{C992E42B-7D36-488A-8B29-45207289FE56}.Debug|iPhone.Build.0 = Debug|x86
		{C992E42B-7D36-488A-8B29-45207289FE56}.Debug|iPhone.Deploy.0 = Debug|x86
		{C992E42B-7D36-488A-8B29-45207289FE56}.Debug|iPhoneSimulator.ActiveCfg = Debug|x86
		{C992E42B-7D36-488A-8B29-45207289FE56}.Debug|iPhoneSimulator.Build.0 = Debug|x86
		{C992E42B-7D36-488A-8B29-45207289FE56}.Debug|iPhoneSimulator.Deploy.0 = Debug|x86
		{C992E42B-7D36-488A-8B29-45207289FE56}.Debug|x64.ActiveCfg = Debug|x64
		{C992E42B-7D36-488A-8B29-45207289FE56}.Debug|x64.Build.0 = Debug|x64
		{C992E42B-7D36-488A-8B29-45207289FE56}.Debug|x64.Deploy.0 = Debug|x64
		{C992E42B-7D36-488A-8B29-45207289FE56}.Debug|x86.ActiveCfg = Debug|x86
		{C992E42B-7D36-488A-8B29-45207289FE56}.Debug|x86.Build.0 = Debug|x86
		{C992E42B-7D36-488A-8B29-45207289FE56}.Debug|x86.Deploy.0 = Debug|x86
		{C992E42B-7D36-488A-8B29-45207289FE56}.Release|Any CPU.ActiveCfg = Release|x86
		{C992E42B-7D36-488A-8B29-45207289FE56}.Release|Any CPU.Build.0 = Release|x86
		{C992E42B-7D36-488A-8B29-45207289FE56}.Release|Any CPU.Deploy.0 = Release|x86
		{C992E42B-7D36-488A-8B29-45207289FE56}.Release|ARM.ActiveCfg = Release|ARM
		{C992E42B-7D36-488A-8B29-45207289FE56}.Release|ARM.Build.0 = Release|ARM
		{C992E42B-7D36-488A-8B29-45207289FE56}.Release|ARM.Deploy.0 = Release|ARM
		{C992E42B-7D36-488A-8B29-45207289FE56}.Release|iPhone.ActiveCfg = Release|x86
		{C992E42B-7D36-488A-8B29-45207289FE56}.Release|iPhone.Build.0 = Release|x86
		{C992E42B-7D36-488A-8B29-45207289FE56}.Release|iPhone.Deploy.0 = Release|x86
		{C992E42B-7D36-488A-8B29-45207289FE56}.Release|iPhoneSimulator.ActiveCfg = Release|x86
		{C992E42B-7D36-488A-8B29-45207289FE56}.Release|iPhoneSimulator.Build.0 = Release|x86
		{C992E42B-7D36-488A-8B29-45207289FE56}.Release|iPhoneSimulator.Deploy.0 = Release|x86
		{C992E42B-7D36-488A-8B29-45207289FE56}.Release|x64.ActiveCfg = Release|x64
		{C992E42B-7D36-488A-8B29-45207289FE56}.Release|x64.Build.0 = Release|x64
		{C992E42B-7D36-488A-8B29-45207289FE56}.Release|x64.Deploy.0 = Release|x64
		{C992E42B-7D36-488A-8B29-45207289FE56}.Release|x86.ActiveCfg = Release|x86
		{C992E42B-7D36-488A-8B29-45207289FE56}.Release|x86.Build.0 = Release|x86
		{C992E42B-7D36-488A-8B29-45207289FE56}.Release|x86.Deploy.0 = Release|x86
		{5E155FF8-DB0F-4F22-9033-D0441271AA4F}.Ad-Hoc|Any CPU.ActiveCfg = Debug|Any CPU
		{5E155FF8-DB0F-4F22-9033-D0441271AA4F}.Ad-Hoc|Any CPU.Build.0 = Debug|Any CPU
		{5E155FF8-DB0F-4F22-9033-D0441271AA4F}.Ad-Hoc|Any CPU.Deploy.0 = Debug|Any CPU
		{5E155FF8-DB0F-4F22-9033-D0441271AA4F}.Ad-Hoc|ARM.ActiveCfg = Debug|Any CPU
		{5E155FF8-DB0F-4F22-9033-D0441271AA4F}.Ad-Hoc|ARM.Build.0 = Debug|Any CPU
		{5E155FF8-DB0F-4F22-9033-D0441271AA4F}.Ad-Hoc|ARM.Deploy.0 = Debug|Any CPU
		{5E155FF8-DB0F-4F22-9033-D0441271AA4F}.Ad-Hoc|iPhone.ActiveCfg = Debug|Any CPU
		{5E155FF8-DB0F-4F22-9033-D0441271AA4F}.Ad-Hoc|iPhone.Build.0 = Debug|Any CPU
		{5E155FF8-DB0F-4F22-9033-D0441271AA4F}.Ad-Hoc|iPhone.Deploy.0 = Debug|Any CPU
		{5E155FF8-DB0F-4F22-9033-D0441271AA4F}.Ad-Hoc|iPhoneSimulator.ActiveCfg = Debug|Any CPU
		{5E155FF8-DB0F-4F22-9033-D0441271AA4F}.Ad-Hoc|iPhoneSimulator.Build.0 = Debug|Any CPU
		{5E155FF8-DB0F-4F22-9033-D0441271AA4F}.Ad-Hoc|iPhoneSimulator.Deploy.0 = Debug|Any CPU
		{5E155FF8-DB0F-4F22-9033-D0441271AA4F}.Ad-Hoc|x64.ActiveCfg = Debug|Any CPU
		{5E155FF8-DB0F-4F22-9033-D0441271AA4F}.Ad-Hoc|x64.Build.0 = Debug|Any CPU
		{5E155FF8-DB0F-4F22-9033-D0441271AA4F}.Ad-Hoc|x64.Deploy.0 = Debug|Any CPU
		{5E155FF8-DB0F-4F22-9033-D0441271AA4F}.Ad-Hoc|x86.ActiveCfg = Debug|Any CPU
		{5E155FF8-DB0F-4F22-9033-D0441271AA4F}.Ad-Hoc|x86.Build.0 = Debug|Any CPU
		{5E155FF8-DB0F-4F22-9033-D0441271AA4F}.Ad-Hoc|x86.Deploy.0 = Debug|Any CPU
		{5E155FF8-DB0F-4F22-9033-D0441271AA4F}.AppStore|Any CPU.ActiveCfg = Debug|Any CPU
		{5E155FF8-DB0F-4F22-9033-D0441271AA4F}.AppStore|Any CPU.Build.0 = Debug|Any CPU
		{5E155FF8-DB0F-4F22-9033-D0441271AA4F}.AppStore|Any CPU.Deploy.0 = Debug|Any CPU
		{5E155FF8-DB0F-4F22-9033-D0441271AA4F}.AppStore|ARM.ActiveCfg = Debug|Any CPU
		{5E155FF8-DB0F-4F22-9033-D0441271AA4F}.AppStore|ARM.Build.0 = Debug|Any CPU
		{5E155FF8-DB0F-4F22-9033-D0441271AA4F}.AppStore|ARM.Deploy.0 = Debug|Any CPU
		{5E155FF8-DB0F-4F22-9033-D0441271AA4F}.AppStore|iPhone.ActiveCfg = Debug|Any CPU
		{5E155FF8-DB0F-4F22-9033-D0441271AA4F}.AppStore|iPhone.Build.0 = Debug|Any CPU
		{5E155FF8-DB0F-4F22-9033-D0441271AA4F}.AppStore|iPhone.Deploy.0 = Debug|Any CPU
		{5E155FF8-DB0F-4F22-9033-D0441271AA4F}.AppStore|iPhoneSimulator.ActiveCfg = Debug|Any CPU
		{5E155FF8-DB0F-4F22-9033-D0441271AA4F}.AppStore|iPhoneSimulator.Build.0 = Debug|Any CPU
		{5E155FF8-DB0F-4F22-9033-D0441271AA4F}.AppStore|iPhoneSimulator.Deploy.0 = Debug|Any CPU
		{5E155FF8-DB0F-4F22-9033-D0441271AA4F}.AppStore|x64.ActiveCfg = Debug|Any CPU
		{5E155FF8-DB0F-4F22-9033-D0441271AA4F}.AppStore|x64.Build.0 = Debug|Any CPU
		{5E155FF8-DB0F-4F22-9033-D0441271AA4F}.AppStore|x64.Deploy.0 = Debug|Any CPU
		{5E155FF8-DB0F-4F22-9033-D0441271AA4F}.AppStore|x86.ActiveCfg = Debug|Any CPU
		{5E155FF8-DB0F-4F22-9033-D0441271AA4F}.AppStore|x86.Build.0 = Debug|Any CPU
		{5E155FF8-DB0F-4F22-9033-D0441271AA4F}.AppStore|x86.Deploy.0 = Debug|Any CPU
		{5E155FF8-DB0F-4F22-9033-D0441271AA4F}.Debug|Any CPU.ActiveCfg = Debug|Any CPU
		{5E155FF8-DB0F-4F22-9033-D0441271AA4F}.Debug|Any CPU.Build.0 = Debug|Any CPU
		{5E155FF8-DB0F-4F22-9033-D0441271AA4F}.Debug|Any CPU.Deploy.0 = Debug|Any CPU
		{5E155FF8-DB0F-4F22-9033-D0441271AA4F}.Debug|ARM.ActiveCfg = Debug|Any CPU
		{5E155FF8-DB0F-4F22-9033-D0441271AA4F}.Debug|ARM.Build.0 = Debug|Any CPU
		{5E155FF8-DB0F-4F22-9033-D0441271AA4F}.Debug|ARM.Deploy.0 = Debug|Any CPU
		{5E155FF8-DB0F-4F22-9033-D0441271AA4F}.Debug|iPhone.ActiveCfg = Debug|Any CPU
		{5E155FF8-DB0F-4F22-9033-D0441271AA4F}.Debug|iPhone.Build.0 = Debug|Any CPU
		{5E155FF8-DB0F-4F22-9033-D0441271AA4F}.Debug|iPhone.Deploy.0 = Debug|Any CPU
		{5E155FF8-DB0F-4F22-9033-D0441271AA4F}.Debug|iPhoneSimulator.ActiveCfg = Debug|Any CPU
		{5E155FF8-DB0F-4F22-9033-D0441271AA4F}.Debug|iPhoneSimulator.Build.0 = Debug|Any CPU
		{5E155FF8-DB0F-4F22-9033-D0441271AA4F}.Debug|iPhoneSimulator.Deploy.0 = Debug|Any CPU
		{5E155FF8-DB0F-4F22-9033-D0441271AA4F}.Debug|x64.ActiveCfg = Debug|Any CPU
		{5E155FF8-DB0F-4F22-9033-D0441271AA4F}.Debug|x64.Build.0 = Debug|Any CPU
		{5E155FF8-DB0F-4F22-9033-D0441271AA4F}.Debug|x64.Deploy.0 = Debug|Any CPU
		{5E155FF8-DB0F-4F22-9033-D0441271AA4F}.Debug|x86.ActiveCfg = Debug|Any CPU
		{5E155FF8-DB0F-4F22-9033-D0441271AA4F}.Debug|x86.Build.0 = Debug|Any CPU
		{5E155FF8-DB0F-4F22-9033-D0441271AA4F}.Debug|x86.Deploy.0 = Debug|Any CPU
		{5E155FF8-DB0F-4F22-9033-D0441271AA4F}.Release|Any CPU.ActiveCfg = Release|Any CPU
		{5E155FF8-DB0F-4F22-9033-D0441271AA4F}.Release|Any CPU.Build.0 = Release|Any CPU
		{5E155FF8-DB0F-4F22-9033-D0441271AA4F}.Release|Any CPU.Deploy.0 = Release|Any CPU
		{5E155FF8-DB0F-4F22-9033-D0441271AA4F}.Release|ARM.ActiveCfg = Release|Any CPU
		{5E155FF8-DB0F-4F22-9033-D0441271AA4F}.Release|ARM.Build.0 = Release|Any CPU
		{5E155FF8-DB0F-4F22-9033-D0441271AA4F}.Release|ARM.Deploy.0 = Release|Any CPU
		{5E155FF8-DB0F-4F22-9033-D0441271AA4F}.Release|iPhone.ActiveCfg = Release|Any CPU
		{5E155FF8-DB0F-4F22-9033-D0441271AA4F}.Release|iPhone.Build.0 = Release|Any CPU
		{5E155FF8-DB0F-4F22-9033-D0441271AA4F}.Release|iPhone.Deploy.0 = Release|Any CPU
		{5E155FF8-DB0F-4F22-9033-D0441271AA4F}.Release|iPhoneSimulator.ActiveCfg = Release|Any CPU
		{5E155FF8-DB0F-4F22-9033-D0441271AA4F}.Release|iPhoneSimulator.Build.0 = Release|Any CPU
		{5E155FF8-DB0F-4F22-9033-D0441271AA4F}.Release|iPhoneSimulator.Deploy.0 = Release|Any CPU
		{5E155FF8-DB0F-4F22-9033-D0441271AA4F}.Release|x64.ActiveCfg = Release|Any CPU
		{5E155FF8-DB0F-4F22-9033-D0441271AA4F}.Release|x64.Build.0 = Release|Any CPU
		{5E155FF8-DB0F-4F22-9033-D0441271AA4F}.Release|x64.Deploy.0 = Release|Any CPU
		{5E155FF8-DB0F-4F22-9033-D0441271AA4F}.Release|x86.ActiveCfg = Release|Any CPU
		{5E155FF8-DB0F-4F22-9033-D0441271AA4F}.Release|x86.Build.0 = Release|Any CPU
		{5E155FF8-DB0F-4F22-9033-D0441271AA4F}.Release|x86.Deploy.0 = Release|Any CPU
	EndGlobalSection
	GlobalSection(SolutionProperties) = preSolution
		HideSolutionNode = FALSE
	EndGlobalSection
	GlobalSection(ExtensibilityGlobals) = postSolution
		SolutionGuid = {1EED697C-5BD4-4EA0-92C8-66008D1BBFBE}
	EndGlobalSection
EndGlobal
